
Microsoft Visual Studio Solution File, Format Version 12.00
# Visual Studio Version 16
VisualStudioVersion = 16.0.31729.503
MinimumVisualStudioVersion = 10.0.40219.1
Project("{FAE04EC0-301F-11D3-BF4B-00C04F79EFBC}") = "NameGeneratorLib", "NameGeneratorLib\NameGeneratorLib.csproj", "{C1E5530F-84A2-4134-B92E-4D4051D67352}"
EndProject
Project("{FAE04EC0-301F-11D3-BF4B-00C04F79EFBC}") = "TestBench", "TestBench\TestBench.csproj", "{B5F532EB-2CF4-4DF8-9CB4-FDCF29FECAF6}"
EndProject
Global
	GlobalSection(SolutionConfigurationPlatforms) = preSolution
		Debug|Any CPU = Debug|Any CPU
		Release|Any CPU = Release|Any CPU
	EndGlobalSection
	GlobalSection(ProjectConfigurationPlatforms) = postSolution
		{C1E5530F-84A2-4134-B92E-4D4051D67352}.Debug|Any CPU.ActiveCfg = Debug|Any CPU
		{C1E5530F-84A2-4134-B92E-4D4051D67352}.Debug|Any CPU.Build.0 = Debug|Any CPU
		{C1E5530F-84A2-4134-B92E-4D4051D67352}.Release|Any CPU.ActiveCfg = Release|Any CPU
		{C1E5530F-84A2-4134-B92E-4D4051D67352}.Release|Any CPU.Build.0 = Release|Any CPU
		{B5F532EB-2CF4-4DF8-9CB4-FDCF29FECAF6}.Debug|Any CPU.ActiveCfg = Debug|Any CPU
		{B5F532EB-2CF4-4DF8-9CB4-FDCF29FECAF6}.Debug|Any CPU.Build.0 = Debug|Any CPU
		{B5F532EB-2CF4-4DF8-9CB4-FDCF29FECAF6}.Release|Any CPU.ActiveCfg = Release|Any CPU
		{B5F532EB-2CF4-4DF8-9CB4-FDCF29FECAF6}.Release|Any CPU.Build.0 = Release|Any CPU
	EndGlobalSection
	GlobalSection(SolutionProperties) = preSolution
		HideSolutionNode = FALSE
	EndGlobalSection
	GlobalSection(ExtensibilityGlobals) = postSolution
		SolutionGuid = {6B0D7ADB-949A-4FBB-881A-B5E0932377D1}
	EndGlobalSection
EndGlobal
